// !$*UTF8*$!
{
	archiveVersion = 1;
	classes = {
	};
	objectVersion = 50;
	objects = {

/* Begin PBXBuildFile section */
		8560510624785FEB000CDB2E /* AppDelegate.swift in Sources */ = {isa = PBXBuildFile; fileRef = 8560510524785FEB000CDB2E /* AppDelegate.swift */; };
		8560510824785FEB000CDB2E /* SceneDelegate.swift in Sources */ = {isa = PBXBuildFile; fileRef = 8560510724785FEB000CDB2E /* SceneDelegate.swift */; };
		8560510A24785FEB000CDB2E /* EmojiMemoryGameView.swift in Sources */ = {isa = PBXBuildFile; fileRef = 8560510924785FEB000CDB2E /* EmojiMemoryGameView.swift */; };
		8560510C24785FEC000CDB2E /* Assets.xcassets in Resources */ = {isa = PBXBuildFile; fileRef = 8560510B24785FEC000CDB2E /* Assets.xcassets */; };
		8560510F24785FEC000CDB2E /* Preview Assets.xcassets in Resources */ = {isa = PBXBuildFile; fileRef = 8560510E24785FEC000CDB2E /* Preview Assets.xcassets */; };
		8560511224785FEC000CDB2E /* LaunchScreen.storyboard in Resources */ = {isa = PBXBuildFile; fileRef = 8560511024785FEC000CDB2E /* LaunchScreen.storyboard */; };
		856134C1248561C1003E081A /* Grid.swift in Sources */ = {isa = PBXBuildFile; fileRef = 856134C0248561C1003E081A /* Grid.swift */; };
		856134C324856918003E081A /* GridLayout.swift in Sources */ = {isa = PBXBuildFile; fileRef = 856134C224856918003E081A /* GridLayout.swift */; };
		856134C524856F4F003E081A /* Array+Identifiable.swift in Sources */ = {isa = PBXBuildFile; fileRef = 856134C424856F4F003E081A /* Array+Identifiable.swift */; };
		856134C72486A62B003E081A /* Array+Only.swift in Sources */ = {isa = PBXBuildFile; fileRef = 856134C62486A62B003E081A /* Array+Only.swift */; };
		8561A677248863FA002C5E4B /* Pie.swift in Sources */ = {isa = PBXBuildFile; fileRef = 8561A676248863FA002C5E4B /* Pie.swift */; };
		8561A679248869C1002C5E4B /* Cardify.swift in Sources */ = {isa = PBXBuildFile; fileRef = 8561A678248869C1002C5E4B /* Cardify.swift */; };
		859EB633247C6059005B8010 /* MemoryGame.swift in Sources */ = {isa = PBXBuildFile; fileRef = 859EB632247C6059005B8010 /* MemoryGame.swift */; };
		859EB635247C6520005B8010 /* EmojiMemoryGame.swift in Sources */ = {isa = PBXBuildFile; fileRef = 859EB634247C6520005B8010 /* EmojiMemoryGame.swift */; };
/* End PBXBuildFile section */

/* Begin PBXFileReference section */
		8560510224785FEB000CDB2E /* Memorize.app */ = {isa = PBXFileReference; explicitFileType = wrapper.application; includeInIndex = 0; path = Memorize.app; sourceTree = BUILT_PRODUCTS_DIR; };
		8560510524785FEB000CDB2E /* AppDelegate.swift */ = {isa = PBXFileReference; lastKnownFileType = sourcecode.swift; path = AppDelegate.swift; sourceTree = "<group>"; };
		8560510724785FEB000CDB2E /* SceneDelegate.swift */ = {isa = PBXFileReference; lastKnownFileType = sourcecode.swift; path = SceneDelegate.swift; sourceTree = "<group>"; };
		8560510924785FEB000CDB2E /* EmojiMemoryGameView.swift */ = {isa = PBXFileReference; lastKnownFileType = sourcecode.swift; path = EmojiMemoryGameView.swift; sourceTree = "<group>"; };
		8560510B24785FEC000CDB2E /* Assets.xcassets */ = {isa = PBXFileReference; lastKnownFileType = folder.assetcatalog; path = Assets.xcassets; sourceTree = "<group>"; };
		8560510E24785FEC000CDB2E /* Preview Assets.xcassets */ = {isa = PBXFileReference; lastKnownFileType = folder.assetcatalog; path = "Preview Assets.xcassets"; sourceTree = "<group>"; };
		8560511124785FEC000CDB2E /* Base */ = {isa = PBXFileReference; lastKnownFileType = file.storyboard; name = Base; path = Base.lproj/LaunchScreen.storyboard; sourceTree = "<group>"; };
		8560511324785FEC000CDB2E /* Info.plist */ = {isa = PBXFileReference; lastKnownFileType = text.plist.xml; path = Info.plist; sourceTree = "<group>"; };
		856134C0248561C1003E081A /* Grid.swift */ = {isa = PBXFileReference; lastKnownFileType = sourcecode.swift; path = Grid.swift; sourceTree = "<group>"; };
		856134C224856918003E081A /* GridLayout.swift */ = {isa = PBXFileReference; fileEncoding = 4; lastKnownFileType = sourcecode.swift; path = GridLayout.swift; sourceTree = "<group>"; };
		856134C424856F4F003E081A /* Array+Identifiable.swift */ = {isa = PBXFileReference; lastKnownFileType = sourcecode.swift; path = "Array+Identifiable.swift"; sourceTree = "<group>"; };
		856134C62486A62B003E081A /* Array+Only.swift */ = {isa = PBXFileReference; lastKnownFileType = sourcecode.swift; path = "Array+Only.swift"; sourceTree = "<group>"; };
		8561A676248863FA002C5E4B /* Pie.swift */ = {isa = PBXFileReference; lastKnownFileType = sourcecode.swift; path = Pie.swift; sourceTree = "<group>"; };
		8561A678248869C1002C5E4B /* Cardify.swift */ = {isa = PBXFileReference; lastKnownFileType = sourcecode.swift; path = Cardify.swift; sourceTree = "<group>"; };
		859EB632247C6059005B8010 /* MemoryGame.swift */ = {isa = PBXFileReference; lastKnownFileType = sourcecode.swift; path = MemoryGame.swift; sourceTree = "<group>"; };
		859EB634247C6520005B8010 /* EmojiMemoryGame.swift */ = {isa = PBXFileReference; lastKnownFileType = sourcecode.swift; path = EmojiMemoryGame.swift; sourceTree = "<group>"; };
/* End PBXFileReference section */

/* Begin PBXFrameworksBuildPhase section */
		856050FF24785FEB000CDB2E /* Frameworks */ = {
			isa = PBXFrameworksBuildPhase;
			buildActionMask = 2147483647;
			files = (
			);
			runOnlyForDeploymentPostprocessing = 0;
		};
/* End PBXFrameworksBuildPhase section */

/* Begin PBXGroup section */
		856050F924785FEB000CDB2E = {
			isa = PBXGroup;
			children = (
				8560510424785FEB000CDB2E /* Memorize */,
				8560510324785FEB000CDB2E /* Products */,
			);
			sourceTree = "<group>";
		};
		8560510324785FEB000CDB2E /* Products */ = {
			isa = PBXGroup;
			children = (
				8560510224785FEB000CDB2E /* Memorize.app */,
			);
			name = Products;
			sourceTree = "<group>";
		};
		8560510424785FEB000CDB2E /* Memorize */ = {
			isa = PBXGroup;
			children = (
				859EB632247C6059005B8010 /* MemoryGame.swift */,
				859EB634247C6520005B8010 /* EmojiMemoryGame.swift */,
				8560510924785FEB000CDB2E /* EmojiMemoryGameView.swift */,
				8561A678248869C1002C5E4B /* Cardify.swift */,
				8561A676248863FA002C5E4B /* Pie.swift */,
				856134C62486A62B003E081A /* Array+Only.swift */,
				856134C424856F4F003E081A /* Array+Identifiable.swift */,
				856134C224856918003E081A /* GridLayout.swift */,
				856134C0248561C1003E081A /* Grid.swift */,
				8560510524785FEB000CDB2E /* AppDelegate.swift */,
				8560510724785FEB000CDB2E /* SceneDelegate.swift */,
				8560510B24785FEC000CDB2E /* Assets.xcassets */,
				8560511024785FEC000CDB2E /* LaunchScreen.storyboard */,
				8560511324785FEC000CDB2E /* Info.plist */,
				8560510D24785FEC000CDB2E /* Preview Content */,
			);
			path = Memorize;
			sourceTree = "<group>";
		};
		8560510D24785FEC000CDB2E /* Preview Content */ = {
			isa = PBXGroup;
			children = (
				8560510E24785FEC000CDB2E /* Preview Assets.xcassets */,
			);
			path = "Preview Content";
			sourceTree = "<group>";
		};
/* End PBXGroup section */

/* Begin PBXNativeTarget section */
		8560510124785FEB000CDB2E /* Memorize */ = {
			isa = PBXNativeTarget;
			buildConfigurationList = 8560511624785FEC000CDB2E /* Build configuration list for PBXNativeTarget "Memorize" */;
			buildPhases = (
				856050FE24785FEB000CDB2E /* Sources */,
				856050FF24785FEB000CDB2E /* Frameworks */,
				8560510024785FEB000CDB2E /* Resources */,
			);
			buildRules = (
			);
			dependencies = (
			);
			name = Memorize;
			productName = Memorize;
			productReference = 8560510224785FEB000CDB2E /* Memorize.app */;
			productType = "com.apple.product-type.application";
		};
/* End PBXNativeTarget section */

/* Begin PBXProject section */
		856050FA24785FEB000CDB2E /* Project object */ = {
			isa = PBXProject;
			attributes = {
				LastSwiftUpdateCheck = 1150;
				LastUpgradeCheck = 1150;
				ORGANIZATIONNAME = "Evan Timmons";
				TargetAttributes = {
					8560510124785FEB000CDB2E = {
						CreatedOnToolsVersion = 11.5;
					};
				};
			};
			buildConfigurationList = 856050FD24785FEB000CDB2E /* Build configuration list for PBXProject "Memorize" */;
			compatibilityVersion = "Xcode 9.3";
			developmentRegion = en;
			hasScannedForEncodings = 0;
			knownRegions = (
				en,
				Base,
			);
			mainGroup = 856050F924785FEB000CDB2E;
			productRefGroup = 8560510324785FEB000CDB2E /* Products */;
			projectDirPath = "";
			projectRoot = "";
			targets = (
				8560510124785FEB000CDB2E /* Memorize */,
			);
		};
/* End PBXProject section */

/* Begin PBXResourcesBuildPhase section */
		8560510024785FEB000CDB2E /* Resources */ = {
			isa = PBXResourcesBuildPhase;
			buildActionMask = 2147483647;
			files = (
				8560511224785FEC000CDB2E /* LaunchScreen.storyboard in Resources */,
				8560510F24785FEC000CDB2E /* Preview Assets.xcassets in Resources */,
				8560510C24785FEC000CDB2E /* Assets.xcassets in Resources */,
			);
			runOnlyForDeploymentPostprocessing = 0;
		};
/* End PBXResourcesBuildPhase section */

/* Begin PBXSourcesBuildPhase section */
		856050FE24785FEB000CDB2E /* Sources */ = {
			isa = PBXSourcesBuildPhase;
			buildActionMask = 2147483647;
			files = (
				8561A679248869C1002C5E4B /* Cardify.swift in Sources */,
				8561A677248863FA002C5E4B /* Pie.swift in Sources */,
				8560510624785FEB000CDB2E /* AppDelegate.swift in Sources */,
				8560510824785FEB000CDB2E /* SceneDelegate.swift in Sources */,
				859EB633247C6059005B8010 /* MemoryGame.swift in Sources */,
				856134C72486A62B003E081A /* Array+Only.swift in Sources */,
				8560510A24785FEB000CDB2E /* EmojiMemoryGameView.swift in Sources */,
				859EB635247C6520005B8010 /* EmojiMemoryGame.swift in Sources */,
				856134C524856F4F003E081A /* Array+Identifiable.swift in Sources */,
				856134C324856918003E081A /* GridLayout.swift in Sources */,
				856134C1248561C1003E081A /* Grid.swift in Sources */,
			);
			runOnlyForDeploymentPostprocessing = 0;
		};
/* End PBXSourcesBuildPhase section */

/* Begin PBXVariantGroup section */
		8560511024785FEC000CDB2E /* LaunchScreen.storyboard */ = {
			isa = PBXVariantGroup;
			children = (
				8560511124785FEC000CDB2E /* Base */,
			);
			name = LaunchScreen.storyboard;
			sourceTree = "<group>";
		};
/* End PBXVariantGroup section */

/* Begin XCBuildConfiguration section */
		8560511424785FEC000CDB2E /* Debug */ = {
			isa = XCBuildConfiguration;
			buildSettings = {
				ALWAYS_SEARCH_USER_PATHS = NO;
				CLANG_ANALYZER_NONNULL = YES;
				CLANG_ANALYZER_NUMBER_OBJECT_CONVERSION = YES_AGGRESSIVE;
				CLANG_CXX_LANGUAGE_STANDARD = "gnu++14";
				CLANG_CXX_LIBRARY = "libc++";
				CLANG_ENABLE_MODULES = YES;
				CLANG_ENABLE_OBJC_ARC = YES;
				CLANG_ENABLE_OBJC_WEAK = YES;
				CLANG_WARN_BLOCK_CAPTURE_AUTORELEASING = YES;
				CLANG_WARN_BOOL_CONVERSION = YES;
				CLANG_WARN_COMMA = YES;
				CLANG_WARN_CONSTANT_CONVERSION = YES;
				CLANG_WARN_DEPRECATED_OBJC_IMPLEMENTATIONS = YES;
				CLANG_WARN_DIRECT_OBJC_ISA_USAGE = YES_ERROR;
				CLANG_WARN_DOCUMENTATION_COMMENTS = YES;
				CLANG_WARN_EMPTY_BODY = YES;
				CLANG_WARN_ENUM_CONVERSION = YES;
				CLANG_WARN_INFINITE_RECURSION = YES;
				CLANG_WARN_INT_CONVERSION = YES;
				CLANG_WARN_NON_LITERAL_NULL_CONVERSION = YES;
				CLANG_WARN_OBJC_IMPLICIT_RETAIN_SELF = YES;
				CLANG_WARN_OBJC_LITERAL_CONVERSION = YES;
				CLANG_WARN_OBJC_ROOT_CLASS = YES_ERROR;
				CLANG_WARN_RANGE_LOOP_ANALYSIS = YES;
				CLANG_WARN_STRICT_PROTOTYPES = YES;
				CLANG_WARN_SUSPICIOUS_MOVE = YES;
				CLANG_WARN_UNGUARDED_AVAILABILITY = YES_AGGRESSIVE;
				CLANG_WARN_UNREACHABLE_CODE = YES;
				CLANG_WARN__DUPLICATE_METHOD_MATCH = YES;
				COPY_PHASE_STRIP = NO;
				DEBUG_INFORMATION_FORMAT = dwarf;
				ENABLE_STRICT_OBJC_MSGSEND = YES;
				ENABLE_TESTABILITY = YES;
				GCC_C_LANGUAGE_STANDARD = gnu11;
				GCC_DYNAMIC_NO_PIC = NO;
				GCC_NO_COMMON_BLOCKS = YES;
				GCC_OPTIMIZATION_LEVEL = 0;
				GCC_PREPROCESSOR_DEFINITIONS = (
					"DEBUG=1",
					"$(inherited)",
				);
				GCC_WARN_64_TO_32_BIT_CONVERSION = YES;
				GCC_WARN_ABOUT_RETURN_TYPE = YES_ERROR;
				GCC_WARN_UNDECLARED_SELECTOR = YES;
				GCC_WARN_UNINITIALIZED_AUTOS = YES_AGGRESSIVE;
				GCC_WARN_UNUSED_FUNCTION = YES;
				GCC_WARN_UNUSED_VARIABLE = YES;
				IPHONEOS_DEPLOYMENT_TARGET = 13.5;
				MTL_ENABLE_DEBUG_INFO = INCLUDE_SOURCE;
				MTL_FAST_MATH = YES;
				ONLY_ACTIVE_ARCH = YES;
				SDKROOT = iphoneos;
				SWIFT_ACTIVE_COMPILATION_CONDITIONS = DEBUG;
				SWIFT_OPTIMIZATION_LEVEL = "-Onone";
			};
			name = Debug;
		};
		8560511524785FEC000CDB2E /* Release */ = {
			isa = XCBuildConfiguration;
			buildSettings = {
				ALWAYS_SEARCH_USER_PATHS = NO;
				CLANG_ANALYZER_NONNULL = YES;
				CLANG_ANALYZER_NUMBER_OBJECT_CONVERSION = YES_AGGRESSIVE;
				CLANG_CXX_LANGUAGE_STANDARD = "gnu++14";
				CLANG_CXX_LIBRARY = "libc++";
				CLANG_ENABLE_MODULES = YES;
				CLANG_ENABLE_OBJC_ARC = YES;
				CLANG_ENABLE_OBJC_WEAK = YES;
				CLANG_WARN_BLOCK_CAPTURE_AUTORELEASING = YES;
				CLANG_WARN_BOOL_CONVERSION = YES;
				CLANG_WARN_COMMA = YES;
				CLANG_WARN_CONSTANT_CONVERSION = YES;
				CLANG_WARN_DEPRECATED_OBJC_IMPLEMENTATIONS = YES;
				CLANG_WARN_DIRECT_OBJC_ISA_USAGE = YES_ERROR;
				CLANG_WARN_DOCUMENTATION_COMMENTS = YES;
				CLANG_WARN_EMPTY_BODY = YES;
				CLANG_WARN_ENUM_CONVERSION = YES;
				CLANG_WARN_INFINITE_RECURSION = YES;
				CLANG_WARN_INT_CONVERSION = YES;
				CLANG_WARN_NON_LITERAL_NULL_CONVERSION = YES;
				CLANG_WARN_OBJC_IMPLICIT_RETAIN_SELF = YES;
				CLANG_WARN_OBJC_LITERAL_CONVERSION = YES;
				CLANG_WARN_OBJC_ROOT_CLASS = YES_ERROR;
				CLANG_WARN_RANGE_LOOP_ANALYSIS = YES;
				CLANG_WARN_STRICT_PROTOTYPES = YES;
				CLANG_WARN_SUSPICIOUS_MOVE = YES;
				CLANG_WARN_UNGUARDED_AVAILABILITY = YES_AGGRESSIVE;
				CLANG_WARN_UNREACHABLE_CODE = YES;
				CLANG_WARN__DUPLICATE_METHOD_MATCH = YES;
				COPY_PHASE_STRIP = NO;
				DEBUG_INFORMATION_FORMAT = "dwarf-with-dsym";
				ENABLE_NS_ASSERTIONS = NO;
				ENABLE_STRICT_OBJC_MSGSEND = YES;
				GCC_C_LANGUAGE_STANDARD = gnu11;
				GCC_NO_COMMON_BLOCKS = YES;
				GCC_WARN_64_TO_32_BIT_CONVERSION = YES;
				GCC_WARN_ABOUT_RETURN_TYPE = YES_ERROR;
				GCC_WARN_UNDECLARED_SELECTOR = YES;
				GCC_WARN_UNINITIALIZED_AUTOS = YES_AGGRESSIVE;
				GCC_WARN_UNUSED_FUNCTION = YES;
				GCC_WARN_UNUSED_VARIABLE = YES;
				IPHONEOS_DEPLOYMENT_TARGET = 13.5;
				MTL_ENABLE_DEBUG_INFO = NO;
				MTL_FAST_MATH = YES;
				SDKROOT = iphoneos;
				SWIFT_COMPILATION_MODE = wholemodule;
				SWIFT_OPTIMIZATION_LEVEL = "-O";
				VALIDATE_PRODUCT = YES;
			};
			name = Release;
		};
		8560511724785FEC000CDB2E /* Debug */ = {
			isa = XCBuildConfiguration;
			buildSettings = {
				ASSETCATALOG_COMPILER_APPICON_NAME = AppIcon;
				CODE_SIGN_STYLE = Automatic;
				DEVELOPMENT_ASSET_PATHS = "\"Memorize/Preview Content\"";
				DEVELOPMENT_TEAM = NVDJUYZ5B5;
				ENABLE_PREVIEWS = YES;
				INFOPLIST_FILE = Memorize/Info.plist;
				LD_RUNPATH_SEARCH_PATHS = (
					"$(inherited)",
					"@executable_path/Frameworks",
				);
				PRODUCT_BUNDLE_IDENTIFIER = com.gmail.evangeorgetimmons.Memorize;
				PRODUCT_NAME = "$(TARGET_NAME)";
				SWIFT_VERSION = 5.0;
				TARGETED_DEVICE_FAMILY = "1,2";
			};
			name = Debug;
		};
		8560511824785FEC000CDB2E /* Release */ = {
			isa = XCBuildConfiguration;
			buildSettings = {
				ASSETCATALOG_COMPILER_APPICON_NAME = AppIcon;
				CODE_SIGN_STYLE = Automatic;
				DEVELOPMENT_ASSET_PATHS = "\"Memorize/Preview Content\"";
				DEVELOPMENT_TEAM = NVDJUYZ5B5;
				ENABLE_PREVIEWS = YES;
				INFOPLIST_FILE = Memorize/Info.plist;
				LD_RUNPATH_SEARCH_PATHS = (
					"$(inherited)",
					"@executable_path/Frameworks",
				);
				PRODUCT_BUNDLE_IDENTIFIER = com.gmail.evangeorgetimmons.Memorize;
				PRODUCT_NAME = "$(TARGET_NAME)";
				SWIFT_VERSION = 5.0;
				TARGETED_DEVICE_FAMILY = "1,2";
			};
			name = Release;
		};
/* End XCBuildConfiguration section */

/* Begin XCConfigurationList section */
		856050FD24785FEB000CDB2E /* Build configuration list for PBXProject "Memorize" */ = {
			isa = XCConfigurationList;
			buildConfigurations = (
				8560511424785FEC000CDB2E /* Debug */,
				8560511524785FEC000CDB2E /* Release */,
			);
			defaultConfigurationIsVisible = 0;
			defaultConfigurationName = Release;
		};
		8560511624785FEC000CDB2E /* Build configuration list for PBXNativeTarget "Memorize" */ = {
			isa = XCConfigurationList;
			buildConfigurations = (
				8560511724785FEC000CDB2E /* Debug */,
				8560511824785FEC000CDB2E /* Release */,
			);
			defaultConfigurationIsVisible = 0;
			defaultConfigurationName = Release;
		};
/* End XCConfigurationList section */
	};
	rootObject = 856050FA24785FEB000CDB2E /* Project object */;
}
